
Microsoft Visual Studio Solution File, Format Version 12.00
# Visual Studio Version 17
VisualStudioVersion = 17.0.31903.59
MinimumVisualStudioVersion = 10.0.40219.1
Project("{9A19103F-16F7-4668-BE54-9A1E7A4F7556}") = "Andtech.Common", "Andtech.Common\Andtech.Common.csproj", "{5DE166B9-722A-47CF-8EAF-AB7B076B11E0}"
EndProject
Project("{9A19103F-16F7-4668-BE54-9A1E7A4F7556}") = "Andtech.Common.Tests", "Andtech.Common.Tests\Andtech.Common.Tests.csproj", "{ED04F46A-3FC2-4570-8532-9C7E1194B85E}"
EndProject
Project("{FAE04EC0-301F-11D3-BF4B-00C04F79EFBC}") = "Andtech.Common.Http", "Andtech.Common.Http\Andtech.Common.Http.csproj", "{7C82CD8A-D657-4C06-934D-651E95ACD80B}"
EndProject
Project("{FAE04EC0-301F-11D3-BF4B-00C04F79EFBC}") = "Andtech.Net", "Andtech.Net\Andtech.Net.csproj", "{BD0C1B30-4E84-46FD-B594-A923B3FE421D}"
EndProject
Global
	GlobalSection(SolutionConfigurationPlatforms) = preSolution
		Debug|Any CPU = Debug|Any CPU
		Release|Any CPU = Release|Any CPU
	EndGlobalSection
	GlobalSection(ProjectConfigurationPlatforms) = postSolution
		{5DE166B9-722A-47CF-8EAF-AB7B076B11E0}.Debug|Any CPU.ActiveCfg = Debug|Any CPU
		{5DE166B9-722A-47CF-8EAF-AB7B076B11E0}.Debug|Any CPU.Build.0 = Debug|Any CPU
		{5DE166B9-722A-47CF-8EAF-AB7B076B11E0}.Release|Any CPU.ActiveCfg = Release|Any CPU
		{5DE166B9-722A-47CF-8EAF-AB7B076B11E0}.Release|Any CPU.Build.0 = Release|Any CPU
		{ED04F46A-3FC2-4570-8532-9C7E1194B85E}.Debug|Any CPU.ActiveCfg = Debug|Any CPU
		{ED04F46A-3FC2-4570-8532-9C7E1194B85E}.Debug|Any CPU.Build.0 = Debug|Any CPU
		{ED04F46A-3FC2-4570-8532-9C7E1194B85E}.Release|Any CPU.ActiveCfg = Release|Any CPU
		{ED04F46A-3FC2-4570-8532-9C7E1194B85E}.Release|Any CPU.Build.0 = Release|Any CPU
		{7C82CD8A-D657-4C06-934D-651E95ACD80B}.Debug|Any CPU.ActiveCfg = Debug|Any CPU
		{7C82CD8A-D657-4C06-934D-651E95ACD80B}.Debug|Any CPU.Build.0 = Debug|Any CPU
		{7C82CD8A-D657-4C06-934D-651E95ACD80B}.Release|Any CPU.ActiveCfg = Release|Any CPU
		{7C82CD8A-D657-4C06-934D-651E95ACD80B}.Release|Any CPU.Build.0 = Release|Any CPU
		{BD0C1B30-4E84-46FD-B594-A923B3FE421D}.Debug|Any CPU.ActiveCfg = Debug|Any CPU
		{BD0C1B30-4E84-46FD-B594-A923B3FE421D}.Debug|Any CPU.Build.0 = Debug|Any CPU
		{BD0C1B30-4E84-46FD-B594-A923B3FE421D}.Release|Any CPU.ActiveCfg = Release|Any CPU
		{BD0C1B30-4E84-46FD-B594-A923B3FE421D}.Release|Any CPU.Build.0 = Release|Any CPU
	EndGlobalSection
	GlobalSection(SolutionProperties) = preSolution
		HideSolutionNode = FALSE
	EndGlobalSection
	GlobalSection(ExtensibilityGlobals) = postSolution
		SolutionGuid = {12FB293B-0BB3-4018-9A68-BA377CBB03F5}
	EndGlobalSection
EndGlobal
